
Microsoft Visual Studio Solution File, Format Version 12.00
# Visual Studio Version 17
VisualStudioVersion = 17.0.32126.317
MinimumVisualStudioVersion = 10.0.40219.1
Project("{FAE04EC0-301F-11D3-BF4B-00C04F79EFBC}") = "DataSystem", "DataSystem\DataSystem.csproj", "{50C7CE8A-97BE-49E7-AD59-022779008622}"
EndProject
Project("{FAE04EC0-301F-11D3-BF4B-00C04F79EFBC}") = "Entidades", "Entidades\Entidades.csproj", "{FE2F2432-5E88-43BA-8CEA-50315D5B3BCD}"
EndProject
Project("{FAE04EC0-301F-11D3-BF4B-00C04F79EFBC}") = "CapaLogica", "CapaLogica\CapaLogica.csproj", "{36069195-57FF-490A-8625-6F6C0A27F4A8}"
EndProject
Global
	GlobalSection(SolutionConfigurationPlatforms) = preSolution
		Debug|Any CPU = Debug|Any CPU
		Release|Any CPU = Release|Any CPU
	EndGlobalSection
	GlobalSection(ProjectConfigurationPlatforms) = postSolution
		{50C7CE8A-97BE-49E7-AD59-022779008622}.Debug|Any CPU.ActiveCfg = Debug|Any CPU
		{50C7CE8A-97BE-49E7-AD59-022779008622}.Debug|Any CPU.Build.0 = Debug|Any CPU
		{50C7CE8A-97BE-49E7-AD59-022779008622}.Release|Any CPU.ActiveCfg = Release|Any CPU
		{50C7CE8A-97BE-49E7-AD59-022779008622}.Release|Any CPU.Build.0 = Release|Any CPU
		{FE2F2432-5E88-43BA-8CEA-50315D5B3BCD}.Debug|Any CPU.ActiveCfg = Debug|Any CPU
		{FE2F2432-5E88-43BA-8CEA-50315D5B3BCD}.Debug|Any CPU.Build.0 = Debug|Any CPU
		{FE2F2432-5E88-43BA-8CEA-50315D5B3BCD}.Release|Any CPU.ActiveCfg = Release|Any CPU
		{FE2F2432-5E88-43BA-8CEA-50315D5B3BCD}.Release|Any CPU.Build.0 = Release|Any CPU
		{36069195-57FF-490A-8625-6F6C0A27F4A8}.Debug|Any CPU.ActiveCfg = Debug|Any CPU
		{36069195-57FF-490A-8625-6F6C0A27F4A8}.Debug|Any CPU.Build.0 = Debug|Any CPU
		{36069195-57FF-490A-8625-6F6C0A27F4A8}.Release|Any CPU.ActiveCfg = Release|Any CPU
		{36069195-57FF-490A-8625-6F6C0A27F4A8}.Release|Any CPU.Build.0 = Release|Any CPU
	EndGlobalSection
	GlobalSection(SolutionProperties) = preSolution
		HideSolutionNode = FALSE
	EndGlobalSection
	GlobalSection(ExtensibilityGlobals) = postSolution
		SolutionGuid = {9EA9E1D7-C0A9-4CD4-B66B-D71B7A245596}
	EndGlobalSection
EndGlobal
